// !$*UTF8*$!
{
	archiveVersion = 1;
	classes = {
	};
	objectVersion = 46;
	objects = {

/* Begin PBXBuildFile section */
		5B6C658C1ECD4E9B00600029 /* main.m in Sources */ = {isa = PBXBuildFile; fileRef = 5B6C658B1ECD4E9B00600029 /* main.m */; };
		5B6C658F1ECD4E9B00600029 /* AppDelegate.m in Sources */ = {isa = PBXBuildFile; fileRef = 5B6C658E1ECD4E9B00600029 /* AppDelegate.m */; };
		5B6C65921ECD4E9B00600029 /* ViewController.m in Sources */ = {isa = PBXBuildFile; fileRef = 5B6C65911ECD4E9B00600029 /* ViewController.m */; };
		5B6C65951ECD4E9B00600029 /* Main.storyboard in Resources */ = {isa = PBXBuildFile; fileRef = 5B6C65931ECD4E9B00600029 /* Main.storyboard */; };
		5B6C65971ECD4E9B00600029 /* Assets.xcassets in Resources */ = {isa = PBXBuildFile; fileRef = 5B6C65961ECD4E9B00600029 /* Assets.xcassets */; };
		5B6C659A1ECD4E9B00600029 /* LaunchScreen.storyboard in Resources */ = {isa = PBXBuildFile; fileRef = 5B6C65981ECD4E9B00600029 /* LaunchScreen.storyboard */; };
/* End PBXBuildFile section */

/* Begin PBXFileReference section */
		5B6C65871ECD4E9B00600029 /* Happy_git.app */ = {isa = PBXFileReference; explicitFileType = wrapper.application; includeInIndex = 0; path = Happy_git.app; sourceTree = BUILT_PRODUCTS_DIR; };
		5B6C658B1ECD4E9B00600029 /* main.m */ = {isa = PBXFileReference; lastKnownFileType = sourcecode.c.objc; path = main.m; sourceTree = "<group>"; };
		5B6C658D1ECD4E9B00600029 /* AppDelegate.h */ = {isa = PBXFileReference; lastKnownFileType = sourcecode.c.h; path = AppDelegate.h; sourceTree = "<group>"; };
		5B6C658E1ECD4E9B00600029 /* AppDelegate.m */ = {isa = PBXFileReference; lastKnownFileType = sourcecode.c.objc; path = AppDelegate.m; sourceTree = "<group>"; };
		5B6C65901ECD4E9B00600029 /* ViewController.h */ = {isa = PBXFileReference; lastKnownFileType = sourcecode.c.h; path = ViewController.h; sourceTree = "<group>"; };
		5B6C65911ECD4E9B00600029 /* ViewController.m */ = {isa = PBXFileReference; lastKnownFileType = sourcecode.c.objc; path = ViewController.m; sourceTree = "<group>"; };
		5B6C65941ECD4E9B00600029 /* Base */ = {isa = PBXFileReference; lastKnownFileType = file.storyboard; name = Base; path = Base.lproj/Main.storyboard; sourceTree = "<group>"; };
		5B6C65961ECD4E9B00600029 /* Assets.xcassets */ = {isa = PBXFileReference; lastKnownFileType = folder.assetcatalog; path = Assets.xcassets; sourceTree = "<group>"; };
		5B6C65991ECD4E9B00600029 /* Base */ = {isa = PBXFileReference; lastKnownFileType = file.storyboard; name = Base; path = Base.lproj/LaunchScreen.storyboard; sourceTree = "<group>"; };
		5B6C659B1ECD4E9B00600029 /* Info.plist */ = {isa = PBXFileReference; lastKnownFileType = text.plist.xml; path = Info.plist; sourceTree = "<group>"; };
/* End PBXFileReference section */

/* Begin PBXFrameworksBuildPhase section */
		5B6C65841ECD4E9B00600029 /* Frameworks */ = {
			isa = PBXFrameworksBuildPhase;
			buildActionMask = 2147483647;
			files = (
			);
			runOnlyForDeploymentPostprocessing = 0;
		};
/* End PBXFrameworksBuildPhase section */

/* Begin PBXGroup section */
		5B6C657E1ECD4E9B00600029 = {
			isa = PBXGroup;
			children = (
				5B6C65891ECD4E9B00600029 /* Happy_git */,
				5B6C65881ECD4E9B00600029 /* Products */,
			);
			sourceTree = "<group>";
		};
		5B6C65881ECD4E9B00600029 /* Products */ = {
			isa = PBXGroup;
			children = (
				5B6C65871ECD4E9B00600029 /* Happy_git.app */,
			);
			name = Products;
			sourceTree = "<group>";
		};
		5B6C65891ECD4E9B00600029 /* Happy_git */ = {
			isa = PBXGroup;
			children = (
				5B6C658D1ECD4E9B00600029 /* AppDelegate.h */,
				5B6C658E1ECD4E9B00600029 /* AppDelegate.m */,
				5B6C65901ECD4E9B00600029 /* ViewController.h */,
				5B6C65911ECD4E9B00600029 /* ViewController.m */,
				5B6C65931ECD4E9B00600029 /* Main.storyboard */,
				5B6C65961ECD4E9B00600029 /* Assets.xcassets */,
				5B6C65981ECD4E9B00600029 /* LaunchScreen.storyboard */,
				5B6C659B1ECD4E9B00600029 /* Info.plist */,
				5B6C658A1ECD4E9B00600029 /* Supporting Files */,
			);
			path = Happy_git;
			sourceTree = "<group>";
		};
		5B6C658A1ECD4E9B00600029 /* Supporting Files */ = {
			isa = PBXGroup;
			children = (
				5B6C658B1ECD4E9B00600029 /* main.m */,
			);
			name = "Supporting Files";
			sourceTree = "<group>";
		};
/* End PBXGroup section */

/* Begin PBXNativeTarget section */
		5B6C65861ECD4E9B00600029 /* Happy_git */ = {
			isa = PBXNativeTarget;
			buildConfigurationList = 5B6C659E1ECD4E9B00600029 /* Build configuration list for PBXNativeTarget "Happy_git" */;
			buildPhases = (
				5B6C65831ECD4E9B00600029 /* Sources */,
				5B6C65841ECD4E9B00600029 /* Frameworks */,
				5B6C65851ECD4E9B00600029 /* Resources */,
			);
			buildRules = (
			);
			dependencies = (
			);
			name = Happy_git;
			productName = Happy_git;
			productReference = 5B6C65871ECD4E9B00600029 /* Happy_git.app */;
			productType = "com.apple.product-type.application";
		};
/* End PBXNativeTarget section */

/* Begin PBXProject section */
		5B6C657F1ECD4E9B00600029 /* Project object */ = {
			isa = PBXProject;
			attributes = {
				LastUpgradeCheck = 0830;
				ORGANIZATIONNAME = jp;
				TargetAttributes = {
					5B6C65861ECD4E9B00600029 = {
						CreatedOnToolsVersion = 8.3.2;
						DevelopmentTeam = 6245M2ZZ7W;
						ProvisioningStyle = Automatic;
					};
				};
			};
			buildConfigurationList = 5B6C65821ECD4E9B00600029 /* Build configuration list for PBXProject "Happy_git" */;
			compatibilityVersion = "Xcode 3.2";
			developmentRegion = English;
			hasScannedForEncodings = 0;
			knownRegions = (
				en,
				Base,
			);
			mainGroup = 5B6C657E1ECD4E9B00600029;
			productRefGroup = 5B6C65881ECD4E9B00600029 /* Products */;
			projectDirPath = "";
			projectRoot = "";
			targets = (
				5B6C65861ECD4E9B00600029 /* Happy_git */,
			);
		};
/* End PBXProject section */

/* Begin PBXResourcesBuildPhase section */
		5B6C65851ECD4E9B00600029 /* Resources */ = {
			isa = PBXResourcesBuildPhase;
			buildActionMask = 2147483647;
			files = (
				5B6C659A1ECD4E9B00600029 /* LaunchScreen.storyboard in Resources */,
				5B6C65971ECD4E9B00600029 /* Assets.xcassets in Resources */,
				5B6C65951ECD4E9B00600029 /* Main.storyboard in Resources */,
			);
			runOnlyForDeploymentPostprocessing = 0;
		};
/* End PBXResourcesBuildPhase section */

/* Begin PBXSourcesBuildPhase section */
		5B6C65831ECD4E9B00600029 /* Sources */ = {
			isa = PBXSourcesBuildPhase;
			buildActionMask = 2147483647;
			files = (
				5B6C65921ECD4E9B00600029 /* ViewController.m in Sources */,
				5B6C658F1ECD4E9B00600029 /* AppDelegate.m in Sources */,
				5B6C658C1ECD4E9B00600029 /* main.m in Sources */,
			);
			runOnlyForDeploymentPostprocessing = 0;
		};
/* End PBXSourcesBuildPhase section */

/* Begin PBXVariantGroup section */
		5B6C65931ECD4E9B00600029 /* Main.storyboard */ = {
			isa = PBXVariantGroup;
			children = (
				5B6C65941ECD4E9B00600029 /* Base */,
			);
			name = Main.storyboard;
			sourceTree = "<group>";
		};
		5B6C65981ECD4E9B00600029 /* LaunchScreen.storyboard */ = {
			isa = PBXVariantGroup;
			children = (
				5B6C65991ECD4E9B00600029 /* Base */,
			);
			name = LaunchScreen.storyboard;
			sourceTree = "<group>";
		};
/* End PBXVariantGroup section */

/* Begin XCBuildConfiguration section */
		5B6C659C1ECD4E9B00600029 /* Debug */ = {
			isa = XCBuildConfiguration;
			buildSettings = {
				ALWAYS_SEARCH_USER_PATHS = NO;
				CLANG_ANALYZER_NONNULL = YES;
				CLANG_ANALYZER_NUMBER_OBJECT_CONVERSION = YES_AGGRESSIVE;
				CLANG_CXX_LANGUAGE_STANDARD = "gnu++0x";
				CLANG_CXX_LIBRARY = "libc++";
				CLANG_ENABLE_MODULES = YES;
				CLANG_ENABLE_OBJC_ARC = YES;
				CLANG_WARN_BOOL_CONVERSION = YES;
				CLANG_WARN_CONSTANT_CONVERSION = YES;
				CLANG_WARN_DIRECT_OBJC_ISA_USAGE = YES_ERROR;
				CLANG_WARN_DOCUMENTATION_COMMENTS = YES;
				CLANG_WARN_EMPTY_BODY = YES;
				CLANG_WARN_ENUM_CONVERSION = YES;
				CLANG_WARN_INFINITE_RECURSION = YES;
				CLANG_WARN_INT_CONVERSION = YES;
				CLANG_WARN_OBJC_ROOT_CLASS = YES_ERROR;
				CLANG_WARN_SUSPICIOUS_MOVE = YES;
				CLANG_WARN_UNREACHABLE_CODE = YES;
				CLANG_WARN__DUPLICATE_METHOD_MATCH = YES;
				"CODE_SIGN_IDENTITY[sdk=iphoneos*]" = "iPhone Developer";
				COPY_PHASE_STRIP = NO;
				DEBUG_INFORMATION_FORMAT = dwarf;
				ENABLE_STRICT_OBJC_MSGSEND = YES;
				ENABLE_TESTABILITY = YES;
				GCC_C_LANGUAGE_STANDARD = gnu99;
				GCC_DYNAMIC_NO_PIC = NO;
				GCC_NO_COMMON_BLOCKS = YES;
				GCC_OPTIMIZATION_LEVEL = 0;
				GCC_PREPROCESSOR_DEFINITIONS = (
					"DEBUG=1",
					"$(inherited)",
				);
				GCC_WARN_64_TO_32_BIT_CONVERSION = YES;
				GCC_WARN_ABOUT_RETURN_TYPE = YES_ERROR;
				GCC_WARN_UNDECLARED_SELECTOR = YES;
				GCC_WARN_UNINITIALIZED_AUTOS = YES_AGGRESSIVE;
				GCC_WARN_UNUSED_FUNCTION = YES;
				GCC_WARN_UNUSED_VARIABLE = YES;
				IPHONEOS_DEPLOYMENT_TARGET = 10.3;
				MTL_ENABLE_DEBUG_INFO = YES;
				ONLY_ACTIVE_ARCH = YES;
				SDKROOT = iphoneos;
				TARGETED_DEVICE_FAMILY = "1,2";
			};
			name = Debug;
		};
		5B6C659D1ECD4E9B00600029 /* Release */ = {
			isa = XCBuildConfiguration;
			buildSettings = {
				ALWAYS_SEARCH_USER_PATHS = NO;
				CLANG_ANALYZER_NONNULL = YES;
				CLANG_ANALYZER_NUMBER_OBJECT_CONVERSION = YES_AGGRESSIVE;
				CLANG_CXX_LANGUAGE_STANDARD = "gnu++0x";
				CLANG_CXX_LIBRARY = "libc++";
				CLANG_ENABLE_MODULES = YES;
				CLANG_ENABLE_OBJC_ARC = YES;
				CLANG_WARN_BOOL_CONVERSION = YES;
				CLANG_WARN_CONSTANT_CONVERSION = YES;
				CLANG_WARN_DIRECT_OBJC_ISA_USAGE = YES_ERROR;
				CLANG_WARN_DOCUMENTATION_COMMENTS = YES;
				CLANG_WARN_EMPTY_BODY = YES;
				CLANG_WARN_ENUM_CONVERSION = YES;
				CLANG_WARN_INFINITE_RECURSION = YES;
				CLANG_WARN_INT_CONVERSION = YES;
				CLANG_WARN_OBJC_ROOT_CLASS = YES_ERROR;
				CLANG_WARN_SUSPICIOUS_MOVE = YES;
				CLANG_WARN_UNREACHABLE_CODE = YES;
				CLANG_WARN__DUPLICATE_METHOD_MATCH = YES;
				"CODE_SIGN_IDENTITY[sdk=iphoneos*]" = "iPhone Developer";
				COPY_PHASE_STRIP = NO;
				DEBUG_INFORMATION_FORMAT = "dwarf-with-dsym";
				ENABLE_NS_ASSERTIONS = NO;
				ENABLE_STRICT_OBJC_MSGSEND = YES;
				GCC_C_LANGUAGE_STANDARD = gnu99;
				GCC_NO_COMMON_BLOCKS = YES;
				GCC_WARN_64_TO_32_BIT_CONVERSION = YES;
				GCC_WARN_ABOUT_RETURN_TYPE = YES_ERROR;
				GCC_WARN_UNDECLARED_SELECTOR = YES;
				GCC_WARN_UNINITIALIZED_AUTOS = YES_AGGRESSIVE;
				GCC_WARN_UNUSED_FUNCTION = YES;
				GCC_WARN_UNUSED_VARIABLE = YES;
				IPHONEOS_DEPLOYMENT_TARGET = 10.3;
				MTL_ENABLE_DEBUG_INFO = NO;
				SDKROOT = iphoneos;
				TARGETED_DEVICE_FAMILY = "1,2";
				VALIDATE_PRODUCT = YES;
			};
			name = Release;
		};
		5B6C659F1ECD4E9B00600029 /* Debug */ = {
			isa = XCBuildConfiguration;
			buildSettings = {
				ASSETCATALOG_COMPILER_APPICON_NAME = AppIcon;
				DEVELOPMENT_TEAM = 6245M2ZZ7W;
				INFOPLIST_FILE = Happy_git/Info.plist;
				LD_RUNPATH_SEARCH_PATHS = "$(inherited) @executable_path/Frameworks";
				PRODUCT_BUNDLE_IDENTIFIER = "com.jp.erweima.Happy-git";
				PRODUCT_NAME = "$(TARGET_NAME)";
			};
			name = Debug;
		};
		5B6C65A01ECD4E9B00600029 /* Release */ = {
			isa = XCBuildConfiguration;
			buildSettings = {
				ASSETCATALOG_COMPILER_APPICON_NAME = AppIcon;
				DEVELOPMENT_TEAM = 6245M2ZZ7W;
				INFOPLIST_FILE = Happy_git/Info.plist;
				LD_RUNPATH_SEARCH_PATHS = "$(inherited) @executable_path/Frameworks";
				PRODUCT_BUNDLE_IDENTIFIER = "com.jp.erweima.Happy-git";
				PRODUCT_NAME = "$(TARGET_NAME)";
			};
			name = Release;
		};
/* End XCBuildConfiguration section */

/* Begin XCConfigurationList section */
		5B6C65821ECD4E9B00600029 /* Build configuration list for PBXProject "Happy_git" */ = {
			isa = XCConfigurationList;
			buildConfigurations = (
				5B6C659C1ECD4E9B00600029 /* Debug */,
				5B6C659D1ECD4E9B00600029 /* Release */,
			);
			defaultConfigurationIsVisible = 0;
			defaultConfigurationName = Release;
		};
		5B6C659E1ECD4E9B00600029 /* Build configuration list for PBXNativeTarget "Happy_git" */ = {
			isa = XCConfigurationList;
			buildConfigurations = (
				5B6C659F1ECD4E9B00600029 /* Debug */,
				5B6C65A01ECD4E9B00600029 /* Release */,
			);
			defaultConfigurationIsVisible = 0;
		};
/* End XCConfigurationList section */
	};
	rootObject = 5B6C657F1ECD4E9B00600029 /* Project object */;
}
